
Microsoft Visual Studio Solution File, Format Version 12.00
# Visual Studio Version 17
VisualStudioVersion = 17.0.32126.317
MinimumVisualStudioVersion = 10.0.40219.1
Project("{FAE04EC0-301F-11D3-BF4B-00C04F79EFBC}") = "Lunimedia", "Lunimedia\Lunimedia.csproj", "{DBE82FA7-D4BA-4C23-8DA5-EB899D75D291}"
EndProject
Global
	GlobalSection(SolutionConfigurationPlatforms) = preSolution
		Debug|Any CPU = Debug|Any CPU
		Release|Any CPU = Release|Any CPU
	EndGlobalSection
	GlobalSection(ProjectConfigurationPlatforms) = postSolution
		{DBE82FA7-D4BA-4C23-8DA5-EB899D75D291}.Debug|Any CPU.ActiveCfg = Debug|Any CPU
		{DBE82FA7-D4BA-4C23-8DA5-EB899D75D291}.Debug|Any CPU.Build.0 = Debug|Any CPU
		{DBE82FA7-D4BA-4C23-8DA5-EB899D75D291}.Release|Any CPU.ActiveCfg = Release|Any CPU
		{DBE82FA7-D4BA-4C23-8DA5-EB899D75D291}.Release|Any CPU.Build.0 = Release|Any CPU
	EndGlobalSection
	GlobalSection(SolutionProperties) = preSolution
		HideSolutionNode = FALSE
	EndGlobalSection
	GlobalSection(ExtensibilityGlobals) = postSolution
		SolutionGuid = {AD168ECE-AACA-419B-8E43-DA0478B790C9}
	EndGlobalSection
EndGlobal
